
Microsoft Visual Studio Solution File, Format Version 12.00
# Visual Studio Version 17
VisualStudioVersion = 17.6.33829.357
MinimumVisualStudioVersion = 10.0.40219.1
Project("{FAE04EC0-301F-11D3-BF4B-00C04F79EFBC}") = "HardCodeWebApi", "HardCodeWebApi\HardCodeWebApi.csproj", "{58CCAE05-B968-4C2A-A2F8-9FAB9E6338EF}"
EndProject
Global
	GlobalSection(SolutionConfigurationPlatforms) = preSolution
		Debug|Any CPU = Debug|Any CPU
		Release|Any CPU = Release|Any CPU
	EndGlobalSection
	GlobalSection(ProjectConfigurationPlatforms) = postSolution
		{58CCAE05-B968-4C2A-A2F8-9FAB9E6338EF}.Debug|Any CPU.ActiveCfg = Debug|Any CPU
		{58CCAE05-B968-4C2A-A2F8-9FAB9E6338EF}.Debug|Any CPU.Build.0 = Debug|Any CPU
		{58CCAE05-B968-4C2A-A2F8-9FAB9E6338EF}.Release|Any CPU.ActiveCfg = Release|Any CPU
		{58CCAE05-B968-4C2A-A2F8-9FAB9E6338EF}.Release|Any CPU.Build.0 = Release|Any CPU
	EndGlobalSection
	GlobalSection(SolutionProperties) = preSolution
		HideSolutionNode = FALSE
	EndGlobalSection
	GlobalSection(ExtensibilityGlobals) = postSolution
		SolutionGuid = {E29D6BFD-92A1-43B8-B0A0-00704B5BC114}
	EndGlobalSection
EndGlobal
